// !$*UTF8*$!
{
	archiveVersion = 1;
	classes = {
	};
	objectVersion = 46;
	objects = {

/* Begin PBXBuildFile section */
		992915AC18BFC79000BCA5FD /* Card.m in Sources */ = {isa = PBXBuildFile; fileRef = 992915AB18BFC79000BCA5FD /* Card.m */; };
		992915AF18BFC7C200BCA5FD /* Deck.m in Sources */ = {isa = PBXBuildFile; fileRef = 992915AE18BFC7C200BCA5FD /* Deck.m */; };
		992915B218BFC84500BCA5FD /* PlayingCard.m in Sources */ = {isa = PBXBuildFile; fileRef = 992915B118BFC84500BCA5FD /* PlayingCard.m */; };
		992915B518BFC87700BCA5FD /* PlayingCardDeck.m in Sources */ = {isa = PBXBuildFile; fileRef = 992915B418BFC87700BCA5FD /* PlayingCardDeck.m */; };
		992915B818C04A3B00BCA5FD /* CardMatchingGame.m in Sources */ = {isa = PBXBuildFile; fileRef = 992915B718C04A3B00BCA5FD /* CardMatchingGame.m */; };
		992DC52418BFA5F00095BA75 /* Foundation.framework in Frameworks */ = {isa = PBXBuildFile; fileRef = 992DC52318BFA5F00095BA75 /* Foundation.framework */; };
		992DC52618BFA5F00095BA75 /* CoreGraphics.framework in Frameworks */ = {isa = PBXBuildFile; fileRef = 992DC52518BFA5F00095BA75 /* CoreGraphics.framework */; };
		992DC52818BFA5F00095BA75 /* UIKit.framework in Frameworks */ = {isa = PBXBuildFile; fileRef = 992DC52718BFA5F00095BA75 /* UIKit.framework */; };
		992DC52E18BFA5F00095BA75 /* InfoPlist.strings in Resources */ = {isa = PBXBuildFile; fileRef = 992DC52C18BFA5F00095BA75 /* InfoPlist.strings */; };
		992DC53018BFA5F00095BA75 /* main.m in Sources */ = {isa = PBXBuildFile; fileRef = 992DC52F18BFA5F00095BA75 /* main.m */; };
		992DC53418BFA5F00095BA75 /* CardMatchingGameAppDelegate.m in Sources */ = {isa = PBXBuildFile; fileRef = 992DC53318BFA5F00095BA75 /* CardMatchingGameAppDelegate.m */; };
		992DC53718BFA5F00095BA75 /* Main.storyboard in Resources */ = {isa = PBXBuildFile; fileRef = 992DC53518BFA5F00095BA75 /* Main.storyboard */; };
		992DC53A18BFA5F00095BA75 /* CardMatchingGameViewController.m in Sources */ = {isa = PBXBuildFile; fileRef = 992DC53918BFA5F00095BA75 /* CardMatchingGameViewController.m */; };
		992DC53C18BFA5F00095BA75 /* Images.xcassets in Resources */ = {isa = PBXBuildFile; fileRef = 992DC53B18BFA5F00095BA75 /* Images.xcassets */; };
		992DC54318BFA5F00095BA75 /* XCTest.framework in Frameworks */ = {isa = PBXBuildFile; fileRef = 992DC54218BFA5F00095BA75 /* XCTest.framework */; };
		992DC54418BFA5F00095BA75 /* Foundation.framework in Frameworks */ = {isa = PBXBuildFile; fileRef = 992DC52318BFA5F00095BA75 /* Foundation.framework */; };
		992DC54518BFA5F00095BA75 /* UIKit.framework in Frameworks */ = {isa = PBXBuildFile; fileRef = 992DC52718BFA5F00095BA75 /* UIKit.framework */; };
		992DC54D18BFA5F00095BA75 /* InfoPlist.strings in Resources */ = {isa = PBXBuildFile; fileRef = 992DC54B18BFA5F00095BA75 /* InfoPlist.strings */; };
		992DC54F18BFA5F00095BA75 /* CardMatchingGameTests.m in Sources */ = {isa = PBXBuildFile; fileRef = 992DC54E18BFA5F00095BA75 /* CardMatchingGameTests.m */; };
		99F3659118BFA7D200ABCDB0 /* muhback.png in Resources */ = {isa = PBXBuildFile; fileRef = 99F3659018BFA7D100ABCDB0 /* muhback.png */; };
/* End PBXBuildFile section */

/* Begin PBXContainerItemProxy section */
		992DC54618BFA5F00095BA75 /* PBXContainerItemProxy */ = {
			isa = PBXContainerItemProxy;
			containerPortal = 992DC51818BFA5F00095BA75 /* Project object */;
			proxyType = 1;
			remoteGlobalIDString = 992DC51F18BFA5F00095BA75;
			remoteInfo = CardMatchingGame;
		};
/* End PBXContainerItemProxy section */

/* Begin PBXFileReference section */
		992915AA18BFC79000BCA5FD /* Card.h */ = {isa = PBXFileReference; fileEncoding = 4; lastKnownFileType = sourcecode.c.h; path = Card.h; sourceTree = "<group>"; };
		992915AB18BFC79000BCA5FD /* Card.m */ = {isa = PBXFileReference; fileEncoding = 4; lastKnownFileType = sourcecode.c.objc; path = Card.m; sourceTree = "<group>"; };
		992915AD18BFC7C200BCA5FD /* Deck.h */ = {isa = PBXFileReference; fileEncoding = 4; lastKnownFileType = sourcecode.c.h; path = Deck.h; sourceTree = "<group>"; };
		992915AE18BFC7C200BCA5FD /* Deck.m */ = {isa = PBXFileReference; fileEncoding = 4; lastKnownFileType = sourcecode.c.objc; path = Deck.m; sourceTree = "<group>"; };
		992915B018BFC84500BCA5FD /* PlayingCard.h */ = {isa = PBXFileReference; fileEncoding = 4; lastKnownFileType = sourcecode.c.h; path = PlayingCard.h; sourceTree = "<group>"; };
		992915B118BFC84500BCA5FD /* PlayingCard.m */ = {isa = PBXFileReference; fileEncoding = 4; lastKnownFileType = sourcecode.c.objc; path = PlayingCard.m; sourceTree = "<group>"; };
		992915B318BFC87700BCA5FD /* PlayingCardDeck.h */ = {isa = PBXFileReference; fileEncoding = 4; lastKnownFileType = sourcecode.c.h; path = PlayingCardDeck.h; sourceTree = "<group>"; };
		992915B418BFC87700BCA5FD /* PlayingCardDeck.m */ = {isa = PBXFileReference; fileEncoding = 4; lastKnownFileType = sourcecode.c.objc; path = PlayingCardDeck.m; sourceTree = "<group>"; };
		992915B618C04A3B00BCA5FD /* CardMatchingGame.h */ = {isa = PBXFileReference; fileEncoding = 4; lastKnownFileType = sourcecode.c.h; path = CardMatchingGame.h; sourceTree = "<group>"; };
		992915B718C04A3B00BCA5FD /* CardMatchingGame.m */ = {isa = PBXFileReference; fileEncoding = 4; lastKnownFileType = sourcecode.c.objc; path = CardMatchingGame.m; sourceTree = "<group>"; };
		992DC52018BFA5F00095BA75 /* CardMatchingGame.app */ = {isa = PBXFileReference; explicitFileType = wrapper.application; includeInIndex = 0; path = CardMatchingGame.app; sourceTree = BUILT_PRODUCTS_DIR; };
		992DC52318BFA5F00095BA75 /* Foundation.framework */ = {isa = PBXFileReference; lastKnownFileType = wrapper.framework; name = Foundation.framework; path = System/Library/Frameworks/Foundation.framework; sourceTree = SDKROOT; };
		992DC52518BFA5F00095BA75 /* CoreGraphics.framework */ = {isa = PBXFileReference; lastKnownFileType = wrapper.framework; name = CoreGraphics.framework; path = System/Library/Frameworks/CoreGraphics.framework; sourceTree = SDKROOT; };
		992DC52718BFA5F00095BA75 /* UIKit.framework */ = {isa = PBXFileReference; lastKnownFileType = wrapper.framework; name = UIKit.framework; path = System/Library/Frameworks/UIKit.framework; sourceTree = SDKROOT; };
		992DC52B18BFA5F00095BA75 /* CardMatchingGame-Info.plist */ = {isa = PBXFileReference; lastKnownFileType = text.plist.xml; path = "CardMatchingGame-Info.plist"; sourceTree = "<group>"; };
		992DC52D18BFA5F00095BA75 /* en */ = {isa = PBXFileReference; lastKnownFileType = text.plist.strings; name = en; path = en.lproj/InfoPlist.strings; sourceTree = "<group>"; };
		992DC52F18BFA5F00095BA75 /* main.m */ = {isa = PBXFileReference; lastKnownFileType = sourcecode.c.objc; path = main.m; sourceTree = "<group>"; };
		992DC53118BFA5F00095BA75 /* CardMatchingGame-Prefix.pch */ = {isa = PBXFileReference; lastKnownFileType = sourcecode.c.h; path = "CardMatchingGame-Prefix.pch"; sourceTree = "<group>"; };
		992DC53218BFA5F00095BA75 /* CardMatchingGameAppDelegate.h */ = {isa = PBXFileReference; lastKnownFileType = sourcecode.c.h; path = CardMatchingGameAppDelegate.h; sourceTree = "<group>"; };
		992DC53318BFA5F00095BA75 /* CardMatchingGameAppDelegate.m */ = {isa = PBXFileReference; lastKnownFileType = sourcecode.c.objc; path = CardMatchingGameAppDelegate.m; sourceTree = "<group>"; };
		992DC53618BFA5F00095BA75 /* Base */ = {isa = PBXFileReference; lastKnownFileType = file.storyboard; name = Base; path = Base.lproj/Main.storyboard; sourceTree = "<group>"; };
		992DC53818BFA5F00095BA75 /* CardMatchingGameViewController.h */ = {isa = PBXFileReference; lastKnownFileType = sourcecode.c.h; path = CardMatchingGameViewController.h; sourceTree = "<group>"; };
		992DC53918BFA5F00095BA75 /* CardMatchingGameViewController.m */ = {isa = PBXFileReference; lastKnownFileType = sourcecode.c.objc; path = CardMatchingGameViewController.m; sourceTree = "<group>"; };
		992DC53B18BFA5F00095BA75 /* Images.xcassets */ = {isa = PBXFileReference; lastKnownFileType = folder.assetcatalog; path = Images.xcassets; sourceTree = "<group>"; };
		992DC54118BFA5F00095BA75 /* CardMatchingGameTests.xctest */ = {isa = PBXFileReference; explicitFileType = wrapper.cfbundle; includeInIndex = 0; path = CardMatchingGameTests.xctest; sourceTree = BUILT_PRODUCTS_DIR; };
		992DC54218BFA5F00095BA75 /* XCTest.framework */ = {isa = PBXFileReference; lastKnownFileType = wrapper.framework; name = XCTest.framework; path = Library/Frameworks/XCTest.framework; sourceTree = DEVELOPER_DIR; };
		992DC54A18BFA5F00095BA75 /* CardMatchingGameTests-Info.plist */ = {isa = PBXFileReference; lastKnownFileType = text.plist.xml; path = "CardMatchingGameTests-Info.plist"; sourceTree = "<group>"; };
		992DC54C18BFA5F00095BA75 /* en */ = {isa = PBXFileReference; lastKnownFileType = text.plist.strings; name = en; path = en.lproj/InfoPlist.strings; sourceTree = "<group>"; };
		992DC54E18BFA5F00095BA75 /* CardMatchingGameTests.m */ = {isa = PBXFileReference; lastKnownFileType = sourcecode.c.objc; path = CardMatchingGameTests.m; sourceTree = "<group>"; };
		99F3659018BFA7D100ABCDB0 /* muhback.png */ = {isa = PBXFileReference; lastKnownFileType = image.png; name = muhback.png; path = ../../../muhback.png; sourceTree = "<group>"; };
/* End PBXFileReference section */

/* Begin PBXFrameworksBuildPhase section */
		992DC51D18BFA5F00095BA75 /* Frameworks */ = {
			isa = PBXFrameworksBuildPhase;
			buildActionMask = 2147483647;
			files = (
				992DC52618BFA5F00095BA75 /* CoreGraphics.framework in Frameworks */,
				992DC52818BFA5F00095BA75 /* UIKit.framework in Frameworks */,
				992DC52418BFA5F00095BA75 /* Foundation.framework in Frameworks */,
			);
			runOnlyForDeploymentPostprocessing = 0;
		};
		992DC53E18BFA5F00095BA75 /* Frameworks */ = {
			isa = PBXFrameworksBuildPhase;
			buildActionMask = 2147483647;
			files = (
				992DC54318BFA5F00095BA75 /* XCTest.framework in Frameworks */,
				992DC54518BFA5F00095BA75 /* UIKit.framework in Frameworks */,
				992DC54418BFA5F00095BA75 /* Foundation.framework in Frameworks */,
			);
			runOnlyForDeploymentPostprocessing = 0;
		};
/* End PBXFrameworksBuildPhase section */

/* Begin PBXGroup section */
		992DC51718BFA5F00095BA75 = {
			isa = PBXGroup;
			children = (
				992DC52918BFA5F00095BA75 /* CardMatchingGame */,
				992DC54818BFA5F00095BA75 /* CardMatchingGameTests */,
				992DC52218BFA5F00095BA75 /* Frameworks */,
				992DC52118BFA5F00095BA75 /* Products */,
			);
			sourceTree = "<group>";
		};
		992DC52118BFA5F00095BA75 /* Products */ = {
			isa = PBXGroup;
			children = (
				992DC52018BFA5F00095BA75 /* CardMatchingGame.app */,
				992DC54118BFA5F00095BA75 /* CardMatchingGameTests.xctest */,
			);
			name = Products;
			sourceTree = "<group>";
		};
		992DC52218BFA5F00095BA75 /* Frameworks */ = {
			isa = PBXGroup;
			children = (
				992DC52318BFA5F00095BA75 /* Foundation.framework */,
				992DC52518BFA5F00095BA75 /* CoreGraphics.framework */,
				992DC52718BFA5F00095BA75 /* UIKit.framework */,
				992DC54218BFA5F00095BA75 /* XCTest.framework */,
			);
			name = Frameworks;
			sourceTree = "<group>";
		};
		992DC52918BFA5F00095BA75 /* CardMatchingGame */ = {
			isa = PBXGroup;
			children = (
				992DC53218BFA5F00095BA75 /* CardMatchingGameAppDelegate.h */,
				992DC53318BFA5F00095BA75 /* CardMatchingGameAppDelegate.m */,
				992DC53518BFA5F00095BA75 /* Main.storyboard */,
				992915AA18BFC79000BCA5FD /* Card.h */,
				992915AD18BFC7C200BCA5FD /* Deck.h */,
				992915AE18BFC7C200BCA5FD /* Deck.m */,
				992915B018BFC84500BCA5FD /* PlayingCard.h */,
				992915B118BFC84500BCA5FD /* PlayingCard.m */,
				992915B318BFC87700BCA5FD /* PlayingCardDeck.h */,
				992915B418BFC87700BCA5FD /* PlayingCardDeck.m */,
				992915B618C04A3B00BCA5FD /* CardMatchingGame.h */,
				992915B718C04A3B00BCA5FD /* CardMatchingGame.m */,
				992915AB18BFC79000BCA5FD /* Card.m */,
				99F3659018BFA7D100ABCDB0 /* muhback.png */,
				992DC53818BFA5F00095BA75 /* CardMatchingGameViewController.h */,
				992DC53918BFA5F00095BA75 /* CardMatchingGameViewController.m */,
				992DC53B18BFA5F00095BA75 /* Images.xcassets */,
				992DC52A18BFA5F00095BA75 /* Supporting Files */,
			);
			path = CardMatchingGame;
			sourceTree = "<group>";
		};
		992DC52A18BFA5F00095BA75 /* Supporting Files */ = {
			isa = PBXGroup;
			children = (
				992DC52B18BFA5F00095BA75 /* CardMatchingGame-Info.plist */,
				992DC52C18BFA5F00095BA75 /* InfoPlist.strings */,
				992DC52F18BFA5F00095BA75 /* main.m */,
				992DC53118BFA5F00095BA75 /* CardMatchingGame-Prefix.pch */,
			);
			name = "Supporting Files";
			sourceTree = "<group>";
		};
		992DC54818BFA5F00095BA75 /* CardMatchingGameTests */ = {
			isa = PBXGroup;
			children = (
				992DC54E18BFA5F00095BA75 /* CardMatchingGameTests.m */,
				992DC54918BFA5F00095BA75 /* Supporting Files */,
			);
			path = CardMatchingGameTests;
			sourceTree = "<group>";
		};
		992DC54918BFA5F00095BA75 /* Supporting Files */ = {
			isa = PBXGroup;
			children = (
				992DC54A18BFA5F00095BA75 /* CardMatchingGameTests-Info.plist */,
				992DC54B18BFA5F00095BA75 /* InfoPlist.strings */,
			);
			name = "Supporting Files";
			sourceTree = "<group>";
		};
/* End PBXGroup section */

/* Begin PBXNativeTarget section */
		992DC51F18BFA5F00095BA75 /* CardMatchingGame */ = {
			isa = PBXNativeTarget;
			buildConfigurationList = 992DC55218BFA5F00095BA75 /* Build configuration list for PBXNativeTarget "CardMatchingGame" */;
			buildPhases = (
				992DC51C18BFA5F00095BA75 /* Sources */,
				992DC51D18BFA5F00095BA75 /* Frameworks */,
				992DC51E18BFA5F00095BA75 /* Resources */,
			);
			buildRules = (
			);
			dependencies = (
			);
			name = CardMatchingGame;
			productName = CardMatchingGame;
			productReference = 992DC52018BFA5F00095BA75 /* CardMatchingGame.app */;
			productType = "com.apple.product-type.application";
		};
		992DC54018BFA5F00095BA75 /* CardMatchingGameTests */ = {
			isa = PBXNativeTarget;
			buildConfigurationList = 992DC55518BFA5F00095BA75 /* Build configuration list for PBXNativeTarget "CardMatchingGameTests" */;
			buildPhases = (
				992DC53D18BFA5F00095BA75 /* Sources */,
				992DC53E18BFA5F00095BA75 /* Frameworks */,
				992DC53F18BFA5F00095BA75 /* Resources */,
			);
			buildRules = (
			);
			dependencies = (
				992DC54718BFA5F00095BA75 /* PBXTargetDependency */,
			);
			name = CardMatchingGameTests;
			productName = CardMatchingGameTests;
			productReference = 992DC54118BFA5F00095BA75 /* CardMatchingGameTests.xctest */;
			productType = "com.apple.product-type.bundle.unit-test";
		};
/* End PBXNativeTarget section */

/* Begin PBXProject section */
		992DC51818BFA5F00095BA75 /* Project object */ = {
			isa = PBXProject;
			attributes = {
				CLASSPREFIX = CardMatchingGame;
				LastUpgradeCheck = 0500;
				ORGANIZATIONNAME = "MariAnne Skolnik";
				TargetAttributes = {
					992DC54018BFA5F00095BA75 = {
						TestTargetID = 992DC51F18BFA5F00095BA75;
					};
				};
			};
			buildConfigurationList = 992DC51B18BFA5F00095BA75 /* Build configuration list for PBXProject "CardMatchingGame" */;
			compatibilityVersion = "Xcode 3.2";
			developmentRegion = English;
			hasScannedForEncodings = 0;
			knownRegions = (
				en,
				Base,
			);
			mainGroup = 992DC51718BFA5F00095BA75;
			productRefGroup = 992DC52118BFA5F00095BA75 /* Products */;
			projectDirPath = "";
			projectRoot = "";
			targets = (
				992DC51F18BFA5F00095BA75 /* CardMatchingGame */,
				992DC54018BFA5F00095BA75 /* CardMatchingGameTests */,
			);
		};
/* End PBXProject section */

/* Begin PBXResourcesBuildPhase section */
		992DC51E18BFA5F00095BA75 /* Resources */ = {
			isa = PBXResourcesBuildPhase;
			buildActionMask = 2147483647;
			files = (
				992DC53C18BFA5F00095BA75 /* Images.xcassets in Resources */,
				99F3659118BFA7D200ABCDB0 /* muhback.png in Resources */,
				992DC52E18BFA5F00095BA75 /* InfoPlist.strings in Resources */,
				992DC53718BFA5F00095BA75 /* Main.storyboard in Resources */,
			);
			runOnlyForDeploymentPostprocessing = 0;
		};
		992DC53F18BFA5F00095BA75 /* Resources */ = {
			isa = PBXResourcesBuildPhase;
			buildActionMask = 2147483647;
			files = (
				992DC54D18BFA5F00095BA75 /* InfoPlist.strings in Resources */,
			);
			runOnlyForDeploymentPostprocessing = 0;
		};
/* End PBXResourcesBuildPhase section */

/* Begin PBXSourcesBuildPhase section */
		992DC51C18BFA5F00095BA75 /* Sources */ = {
			isa = PBXSourcesBuildPhase;
			buildActionMask = 2147483647;
			files = (
				992915B218BFC84500BCA5FD /* PlayingCard.m in Sources */,
				992915AF18BFC7C200BCA5FD /* Deck.m in Sources */,
				992DC53A18BFA5F00095BA75 /* CardMatchingGameViewController.m in Sources */,
				992DC53018BFA5F00095BA75 /* main.m in Sources */,
				992915B818C04A3B00BCA5FD /* CardMatchingGame.m in Sources */,
				992915B518BFC87700BCA5FD /* PlayingCardDeck.m in Sources */,
				992DC53418BFA5F00095BA75 /* CardMatchingGameAppDelegate.m in Sources */,
				992915AC18BFC79000BCA5FD /* Card.m in Sources */,
			);
			runOnlyForDeploymentPostprocessing = 0;
		};
		992DC53D18BFA5F00095BA75 /* Sources */ = {
			isa = PBXSourcesBuildPhase;
			buildActionMask = 2147483647;
			files = (
				992DC54F18BFA5F00095BA75 /* CardMatchingGameTests.m in Sources */,
			);
			runOnlyForDeploymentPostprocessing = 0;
		};
/* End PBXSourcesBuildPhase section */

/* Begin PBXTargetDependency section */
		992DC54718BFA5F00095BA75 /* PBXTargetDependency */ = {
			isa = PBXTargetDependency;
			target = 992DC51F18BFA5F00095BA75 /* CardMatchingGame */;
			targetProxy = 992DC54618BFA5F00095BA75 /* PBXContainerItemProxy */;
		};
/* End PBXTargetDependency section */

/* Begin PBXVariantGroup section */
		992DC52C18BFA5F00095BA75 /* InfoPlist.strings */ = {
			isa = PBXVariantGroup;
			children = (
				992DC52D18BFA5F00095BA75 /* en */,
			);
			name = InfoPlist.strings;
			sourceTree = "<group>";
		};
		992DC53518BFA5F00095BA75 /* Main.storyboard */ = {
			isa = PBXVariantGroup;
			children = (
				992DC53618BFA5F00095BA75 /* Base */,
			);
			name = Main.storyboard;
			sourceTree = "<group>";
		};
		992DC54B18BFA5F00095BA75 /* InfoPlist.strings */ = {
			isa = PBXVariantGroup;
			children = (
				992DC54C18BFA5F00095BA75 /* en */,
			);
			name = InfoPlist.strings;
			sourceTree = "<group>";
		};
/* End PBXVariantGroup section */

/* Begin XCBuildConfiguration section */
		992DC55018BFA5F00095BA75 /* Debug */ = {
			isa = XCBuildConfiguration;
			buildSettings = {
				ALWAYS_SEARCH_USER_PATHS = NO;
				ARCHS = "$(ARCHS_STANDARD_INCLUDING_64_BIT)";
				CLANG_CXX_LANGUAGE_STANDARD = "gnu++0x";
				CLANG_CXX_LIBRARY = "libc++";
				CLANG_ENABLE_MODULES = YES;
				CLANG_ENABLE_OBJC_ARC = YES;
				CLANG_WARN_BOOL_CONVERSION = YES;
				CLANG_WARN_CONSTANT_CONVERSION = YES;
				CLANG_WARN_DIRECT_OBJC_ISA_USAGE = YES_ERROR;
				CLANG_WARN_EMPTY_BODY = YES;
				CLANG_WARN_ENUM_CONVERSION = YES;
				CLANG_WARN_INT_CONVERSION = YES;
				CLANG_WARN_OBJC_ROOT_CLASS = YES_ERROR;
				CLANG_WARN__DUPLICATE_METHOD_MATCH = YES;
				"CODE_SIGN_IDENTITY[sdk=iphoneos*]" = "iPhone Developer";
				COPY_PHASE_STRIP = NO;
				GCC_C_LANGUAGE_STANDARD = gnu99;
				GCC_DYNAMIC_NO_PIC = NO;
				GCC_OPTIMIZATION_LEVEL = 0;
				GCC_PREPROCESSOR_DEFINITIONS = (
					"DEBUG=1",
					"$(inherited)",
				);
				GCC_SYMBOLS_PRIVATE_EXTERN = NO;
				GCC_WARN_64_TO_32_BIT_CONVERSION = YES;
				GCC_WARN_ABOUT_RETURN_TYPE = YES_ERROR;
				GCC_WARN_UNDECLARED_SELECTOR = YES;
				GCC_WARN_UNINITIALIZED_AUTOS = YES;
				GCC_WARN_UNUSED_FUNCTION = YES;
				GCC_WARN_UNUSED_VARIABLE = YES;
				IPHONEOS_DEPLOYMENT_TARGET = 7.0;
				ONLY_ACTIVE_ARCH = YES;
				SDKROOT = iphoneos;
			};
			name = Debug;
		};
		992DC55118BFA5F00095BA75 /* Release */ = {
			isa = XCBuildConfiguration;
			buildSettings = {
				ALWAYS_SEARCH_USER_PATHS = NO;
				ARCHS = "$(ARCHS_STANDARD_INCLUDING_64_BIT)";
				CLANG_CXX_LANGUAGE_STANDARD = "gnu++0x";
				CLANG_CXX_LIBRARY = "libc++";
				CLANG_ENABLE_MODULES = YES;
				CLANG_ENABLE_OBJC_ARC = YES;
				CLANG_WARN_BOOL_CONVERSION = YES;
				CLANG_WARN_CONSTANT_CONVERSION = YES;
				CLANG_WARN_DIRECT_OBJC_ISA_USAGE = YES_ERROR;
				CLANG_WARN_EMPTY_BODY = YES;
				CLANG_WARN_ENUM_CONVERSION = YES;
				CLANG_WARN_INT_CONVERSION = YES;
				CLANG_WARN_OBJC_ROOT_CLASS = YES_ERROR;
				CLANG_WARN__DUPLICATE_METHOD_MATCH = YES;
				"CODE_SIGN_IDENTITY[sdk=iphoneos*]" = "iPhone Developer";
				COPY_PHASE_STRIP = YES;
				ENABLE_NS_ASSERTIONS = NO;
				GCC_C_LANGUAGE_STANDARD = gnu99;
				GCC_WARN_64_TO_32_BIT_CONVERSION = YES;
				GCC_WARN_ABOUT_RETURN_TYPE = YES_ERROR;
				GCC_WARN_UNDECLARED_SELECTOR = YES;
				GCC_WARN_UNINITIALIZED_AUTOS = YES;
				GCC_WARN_UNUSED_FUNCTION = YES;
				GCC_WARN_UNUSED_VARIABLE = YES;
				IPHONEOS_DEPLOYMENT_TARGET = 7.0;
				SDKROOT = iphoneos;
				VALIDATE_PRODUCT = YES;
			};
			name = Release;
		};
		992DC55318BFA5F00095BA75 /* Debug */ = {
			isa = XCBuildConfiguration;
			buildSettings = {
				ASSETCATALOG_COMPILER_APPICON_NAME = AppIcon;
				ASSETCATALOG_COMPILER_LAUNCHIMAGE_NAME = LaunchImage;
				GCC_PRECOMPILE_PREFIX_HEADER = YES;
				GCC_PREFIX_HEADER = "CardMatchingGame/CardMatchingGame-Prefix.pch";
				INFOPLIST_FILE = "CardMatchingGame/CardMatchingGame-Info.plist";
				PRODUCT_NAME = "$(TARGET_NAME)";
				WRAPPER_EXTENSION = app;
			};
			name = Debug;
		};
		992DC55418BFA5F00095BA75 /* Release */ = {
			isa = XCBuildConfiguration;
			buildSettings = {
				ASSETCATALOG_COMPILER_APPICON_NAME = AppIcon;
				ASSETCATALOG_COMPILER_LAUNCHIMAGE_NAME = LaunchImage;
				GCC_PRECOMPILE_PREFIX_HEADER = YES;
				GCC_PREFIX_HEADER = "CardMatchingGame/CardMatchingGame-Prefix.pch";
				INFOPLIST_FILE = "CardMatchingGame/CardMatchingGame-Info.plist";
				PRODUCT_NAME = "$(TARGET_NAME)";
				WRAPPER_EXTENSION = app;
			};
			name = Release;
		};
		992DC55618BFA5F00095BA75 /* Debug */ = {
			isa = XCBuildConfiguration;
			buildSettings = {
				ARCHS = "$(ARCHS_STANDARD_INCLUDING_64_BIT)";
				BUNDLE_LOADER = "$(BUILT_PRODUCTS_DIR)/CardMatchingGame.app/CardMatchingGame";
				FRAMEWORK_SEARCH_PATHS = (
					"$(SDKROOT)/Developer/Library/Frameworks",
					"$(inherited)",
					"$(DEVELOPER_FRAMEWORKS_DIR)",
				);
				GCC_PRECOMPILE_PREFIX_HEADER = YES;
				GCC_PREFIX_HEADER = "CardMatchingGame/CardMatchingGame-Prefix.pch";
				GCC_PREPROCESSOR_DEFINITIONS = (
					"DEBUG=1",
					"$(inherited)",
				);
				INFOPLIST_FILE = "CardMatchingGameTests/CardMatchingGameTests-Info.plist";
				PRODUCT_NAME = "$(TARGET_NAME)";
				TEST_HOST = "$(BUNDLE_LOADER)";
				WRAPPER_EXTENSION = xctest;
			};
			name = Debug;
		};
		992DC55718BFA5F00095BA75 /* Release */ = {
			isa = XCBuildConfiguration;
			buildSettings = {
				ARCHS = "$(ARCHS_STANDARD_INCLUDING_64_BIT)";
				BUNDLE_LOADER = "$(BUILT_PRODUCTS_DIR)/CardMatchingGame.app/CardMatchingGame";
				FRAMEWORK_SEARCH_PATHS = (
					"$(SDKROOT)/Developer/Library/Frameworks",
					"$(inherited)",
					"$(DEVELOPER_FRAMEWORKS_DIR)",
				);
				GCC_PRECOMPILE_PREFIX_HEADER = YES;
				GCC_PREFIX_HEADER = "CardMatchingGame/CardMatchingGame-Prefix.pch";
				INFOPLIST_FILE = "CardMatchingGameTests/CardMatchingGameTests-Info.plist";
				PRODUCT_NAME = "$(TARGET_NAME)";
				TEST_HOST = "$(BUNDLE_LOADER)";
				WRAPPER_EXTENSION = xctest;
			};
			name = Release;
		};
/* End XCBuildConfiguration section */

/* Begin XCConfigurationList section */
		992DC51B18BFA5F00095BA75 /* Build configuration list for PBXProject "CardMatchingGame" */ = {
			isa = XCConfigurationList;
			buildConfigurations = (
				992DC55018BFA5F00095BA75 /* Debug */,
				992DC55118BFA5F00095BA75 /* Release */,
			);
			defaultConfigurationIsVisible = 0;
			defaultConfigurationName = Release;
		};
		992DC55218BFA5F00095BA75 /* Build configuration list for PBXNativeTarget "CardMatchingGame" */ = {
			isa = XCConfigurationList;
			buildConfigurations = (
				992DC55318BFA5F00095BA75 /* Debug */,
				992DC55418BFA5F00095BA75 /* Release */,
			);
			defaultConfigurationIsVisible = 0;
			defaultConfigurationName = Release;
		};
		992DC55518BFA5F00095BA75 /* Build configuration list for PBXNativeTarget "CardMatchingGameTests" */ = {
			isa = XCConfigurationList;
			buildConfigurations = (
				992DC55618BFA5F00095BA75 /* Debug */,
				992DC55718BFA5F00095BA75 /* Release */,
			);
			defaultConfigurationIsVisible = 0;
			defaultConfigurationName = Release;
		};
/* End XCConfigurationList section */
	};
	rootObject = 992DC51818BFA5F00095BA75 /* Project object */;
}
